// !$*UTF8*$!
{
	archiveVersion = 1;
	classes = {
	};
	objectVersion = 50;
	objects = {

/* Begin PBXBuildFile section */
		2D071E342282D60F008F366D /* AppDelegate.m in Sources */ = {isa = PBXBuildFile; fileRef = 2D071E332282D60F008F366D /* AppDelegate.m */; };
		2D071E372282D60F008F366D /* ViewController.m in Sources */ = {isa = PBXBuildFile; fileRef = 2D071E362282D60F008F366D /* ViewController.m */; };
		2D071E3A2282D60F008F366D /* Main.storyboard in Resources */ = {isa = PBXBuildFile; fileRef = 2D071E382282D60F008F366D /* Main.storyboard */; };
		2D071E3C2282D610008F366D /* Assets.xcassets in Resources */ = {isa = PBXBuildFile; fileRef = 2D071E3B2282D610008F366D /* Assets.xcassets */; };
		2D071E3F2282D610008F366D /* LaunchScreen.storyboard in Resources */ = {isa = PBXBuildFile; fileRef = 2D071E3D2282D610008F366D /* LaunchScreen.storyboard */; };
		2D071E422282D610008F366D /* main.m in Sources */ = {isa = PBXBuildFile; fileRef = 2D071E412282D610008F366D /* main.m */; };
		2D071E4C2282D610008F366D /* HZCrashTerminatorTests.m in Sources */ = {isa = PBXBuildFile; fileRef = 2D071E4B2282D610008F366D /* HZCrashTerminatorTests.m */; };
		2D071E572282D610008F366D /* HZCrashTerminatorUITests.m in Sources */ = {isa = PBXBuildFile; fileRef = 2D071E562282D610008F366D /* HZCrashTerminatorUITests.m */; };
		2D071E662282D6DD008F366D /* NSObject+CrashTerminator.m in Sources */ = {isa = PBXBuildFile; fileRef = 2D071E652282D6DD008F366D /* NSObject+CrashTerminator.m */; };
/* End PBXBuildFile section */

/* Begin PBXContainerItemProxy section */
		2D071E482282D610008F366D /* PBXContainerItemProxy */ = {
			isa = PBXContainerItemProxy;
			containerPortal = 2D071E272282D60F008F366D /* Project object */;
			proxyType = 1;
			remoteGlobalIDString = 2D071E2E2282D60F008F366D;
			remoteInfo = HZCrashTerminator;
		};
		2D071E532282D610008F366D /* PBXContainerItemProxy */ = {
			isa = PBXContainerItemProxy;
			containerPortal = 2D071E272282D60F008F366D /* Project object */;
			proxyType = 1;
			remoteGlobalIDString = 2D071E2E2282D60F008F366D;
			remoteInfo = HZCrashTerminator;
		};
/* End PBXContainerItemProxy section */

/* Begin PBXFileReference section */
		2D071E2F2282D60F008F366D /* HZCrashTerminator.app */ = {isa = PBXFileReference; explicitFileType = wrapper.application; includeInIndex = 0; path = HZCrashTerminator.app; sourceTree = BUILT_PRODUCTS_DIR; };
		2D071E322282D60F008F366D /* AppDelegate.h */ = {isa = PBXFileReference; lastKnownFileType = sourcecode.c.h; path = AppDelegate.h; sourceTree = "<group>"; };
		2D071E332282D60F008F366D /* AppDelegate.m */ = {isa = PBXFileReference; lastKnownFileType = sourcecode.c.objc; path = AppDelegate.m; sourceTree = "<group>"; };
		2D071E352282D60F008F366D /* ViewController.h */ = {isa = PBXFileReference; lastKnownFileType = sourcecode.c.h; path = ViewController.h; sourceTree = "<group>"; };
		2D071E362282D60F008F366D /* ViewController.m */ = {isa = PBXFileReference; lastKnownFileType = sourcecode.c.objc; path = ViewController.m; sourceTree = "<group>"; };
		2D071E392282D60F008F366D /* Base */ = {isa = PBXFileReference; lastKnownFileType = file.storyboard; name = Base; path = Base.lproj/Main.storyboard; sourceTree = "<group>"; };
		2D071E3B2282D610008F366D /* Assets.xcassets */ = {isa = PBXFileReference; lastKnownFileType = folder.assetcatalog; path = Assets.xcassets; sourceTree = "<group>"; };
		2D071E3E2282D610008F366D /* Base */ = {isa = PBXFileReference; lastKnownFileType = file.storyboard; name = Base; path = Base.lproj/LaunchScreen.storyboard; sourceTree = "<group>"; };
		2D071E402282D610008F366D /* Info.plist */ = {isa = PBXFileReference; lastKnownFileType = text.plist.xml; path = Info.plist; sourceTree = "<group>"; };
		2D071E412282D610008F366D /* main.m */ = {isa = PBXFileReference; lastKnownFileType = sourcecode.c.objc; path = main.m; sourceTree = "<group>"; };
		2D071E472282D610008F366D /* HZCrashTerminatorTests.xctest */ = {isa = PBXFileReference; explicitFileType = wrapper.cfbundle; includeInIndex = 0; path = HZCrashTerminatorTests.xctest; sourceTree = BUILT_PRODUCTS_DIR; };
		2D071E4B2282D610008F366D /* HZCrashTerminatorTests.m */ = {isa = PBXFileReference; lastKnownFileType = sourcecode.c.objc; path = HZCrashTerminatorTests.m; sourceTree = "<group>"; };
		2D071E4D2282D610008F366D /* Info.plist */ = {isa = PBXFileReference; lastKnownFileType = text.plist.xml; path = Info.plist; sourceTree = "<group>"; };
		2D071E522282D610008F366D /* HZCrashTerminatorUITests.xctest */ = {isa = PBXFileReference; explicitFileType = wrapper.cfbundle; includeInIndex = 0; path = HZCrashTerminatorUITests.xctest; sourceTree = BUILT_PRODUCTS_DIR; };
		2D071E562282D610008F366D /* HZCrashTerminatorUITests.m */ = {isa = PBXFileReference; lastKnownFileType = sourcecode.c.objc; path = HZCrashTerminatorUITests.m; sourceTree = "<group>"; };
		2D071E582282D610008F366D /* Info.plist */ = {isa = PBXFileReference; lastKnownFileType = text.plist.xml; path = Info.plist; sourceTree = "<group>"; };
		2D071E642282D6DD008F366D /* NSObject+CrashTerminator.h */ = {isa = PBXFileReference; lastKnownFileType = sourcecode.c.h; path = "NSObject+CrashTerminator.h"; sourceTree = "<group>"; };
		2D071E652282D6DD008F366D /* NSObject+CrashTerminator.m */ = {isa = PBXFileReference; lastKnownFileType = sourcecode.c.objc; path = "NSObject+CrashTerminator.m"; sourceTree = "<group>"; };
/* End PBXFileReference section */

/* Begin PBXFrameworksBuildPhase section */
		2D071E2C2282D60F008F366D /* Frameworks */ = {
			isa = PBXFrameworksBuildPhase;
			buildActionMask = 2147483647;
			files = (
			);
			runOnlyForDeploymentPostprocessing = 0;
		};
		2D071E442282D610008F366D /* Frameworks */ = {
			isa = PBXFrameworksBuildPhase;
			buildActionMask = 2147483647;
			files = (
			);
			runOnlyForDeploymentPostprocessing = 0;
		};
		2D071E4F2282D610008F366D /* Frameworks */ = {
			isa = PBXFrameworksBuildPhase;
			buildActionMask = 2147483647;
			files = (
			);
			runOnlyForDeploymentPostprocessing = 0;
		};
/* End PBXFrameworksBuildPhase section */

/* Begin PBXGroup section */
		2D071E262282D60F008F366D = {
			isa = PBXGroup;
			children = (
				2D071E312282D60F008F366D /* HZCrashTerminator */,
				2D071E4A2282D610008F366D /* HZCrashTerminatorTests */,
				2D071E552282D610008F366D /* HZCrashTerminatorUITests */,
				2D071E302282D60F008F366D /* Products */,
			);
			sourceTree = "<group>";
		};
		2D071E302282D60F008F366D /* Products */ = {
			isa = PBXGroup;
			children = (
				2D071E2F2282D60F008F366D /* HZCrashTerminator.app */,
				2D071E472282D610008F366D /* HZCrashTerminatorTests.xctest */,
				2D071E522282D610008F366D /* HZCrashTerminatorUITests.xctest */,
			);
			name = Products;
			sourceTree = "<group>";
		};
		2D071E312282D60F008F366D /* HZCrashTerminator */ = {
			isa = PBXGroup;
			children = (
				2D071E642282D6DD008F366D /* NSObject+CrashTerminator.h */,
				2D071E652282D6DD008F366D /* NSObject+CrashTerminator.m */,
				2D071E322282D60F008F366D /* AppDelegate.h */,
				2D071E332282D60F008F366D /* AppDelegate.m */,
				2D071E352282D60F008F366D /* ViewController.h */,
				2D071E362282D60F008F366D /* ViewController.m */,
				2D071E382282D60F008F366D /* Main.storyboard */,
				2D071E3B2282D610008F366D /* Assets.xcassets */,
				2D071E3D2282D610008F366D /* LaunchScreen.storyboard */,
				2D071E402282D610008F366D /* Info.plist */,
				2D071E412282D610008F366D /* main.m */,
			);
			path = HZCrashTerminator;
			sourceTree = "<group>";
		};
		2D071E4A2282D610008F366D /* HZCrashTerminatorTests */ = {
			isa = PBXGroup;
			children = (
				2D071E4B2282D610008F366D /* HZCrashTerminatorTests.m */,
				2D071E4D2282D610008F366D /* Info.plist */,
			);
			path = HZCrashTerminatorTests;
			sourceTree = "<group>";
		};
		2D071E552282D610008F366D /* HZCrashTerminatorUITests */ = {
			isa = PBXGroup;
			children = (
				2D071E562282D610008F366D /* HZCrashTerminatorUITests.m */,
				2D071E582282D610008F366D /* Info.plist */,
			);
			path = HZCrashTerminatorUITests;
			sourceTree = "<group>";
		};
/* End PBXGroup section */

/* Begin PBXNativeTarget section */
		2D071E2E2282D60F008F366D /* HZCrashTerminator */ = {
			isa = PBXNativeTarget;
			buildConfigurationList = 2D071E5B2282D610008F366D /* Build configuration list for PBXNativeTarget "HZCrashTerminator" */;
			buildPhases = (
				2D071E2B2282D60F008F366D /* Sources */,
				2D071E2C2282D60F008F366D /* Frameworks */,
				2D071E2D2282D60F008F366D /* Resources */,
			);
			buildRules = (
			);
			dependencies = (
			);
			name = HZCrashTerminator;
			productName = HZCrashTerminator;
			productReference = 2D071E2F2282D60F008F366D /* HZCrashTerminator.app */;
			productType = "com.apple.product-type.application";
		};
		2D071E462282D610008F366D /* HZCrashTerminatorTests */ = {
			isa = PBXNativeTarget;
			buildConfigurationList = 2D071E5E2282D610008F366D /* Build configuration list for PBXNativeTarget "HZCrashTerminatorTests" */;
			buildPhases = (
				2D071E432282D610008F366D /* Sources */,
				2D071E442282D610008F366D /* Frameworks */,
				2D071E452282D610008F366D /* Resources */,
			);
			buildRules = (
			);
			dependencies = (
				2D071E492282D610008F366D /* PBXTargetDependency */,
			);
			name = HZCrashTerminatorTests;
			productName = HZCrashTerminatorTests;
			productReference = 2D071E472282D610008F366D /* HZCrashTerminatorTests.xctest */;
			productType = "com.apple.product-type.bundle.unit-test";
		};
		2D071E512282D610008F366D /* HZCrashTerminatorUITests */ = {
			isa = PBXNativeTarget;
			buildConfigurationList = 2D071E612282D610008F366D /* Build configuration list for PBXNativeTarget "HZCrashTerminatorUITests" */;
			buildPhases = (
				2D071E4E2282D610008F366D /* Sources */,
				2D071E4F2282D610008F366D /* Frameworks */,
				2D071E502282D610008F366D /* Resources */,
			);
			buildRules = (
			);
			dependencies = (
				2D071E542282D610008F366D /* PBXTargetDependency */,
			);
			name = HZCrashTerminatorUITests;
			productName = HZCrashTerminatorUITests;
			productReference = 2D071E522282D610008F366D /* HZCrashTerminatorUITests.xctest */;
			productType = "com.apple.product-type.bundle.ui-testing";
		};
/* End PBXNativeTarget section */

/* Begin PBXProject section */
		2D071E272282D60F008F366D /* Project object */ = {
			isa = PBXProject;
			attributes = {
				LastUpgradeCheck = 1020;
				ORGANIZATIONNAME = hurricaner;
				TargetAttributes = {
					2D071E2E2282D60F008F366D = {
						CreatedOnToolsVersion = 10.2;
					};
					2D071E462282D610008F366D = {
						CreatedOnToolsVersion = 10.2;
						TestTargetID = 2D071E2E2282D60F008F366D;
					};
					2D071E512282D610008F366D = {
						CreatedOnToolsVersion = 10.2;
						TestTargetID = 2D071E2E2282D60F008F366D;
					};
				};
			};
			buildConfigurationList = 2D071E2A2282D60F008F366D /* Build configuration list for PBXProject "HZCrashTerminator" */;
			compatibilityVersion = "Xcode 9.3";
			developmentRegion = en;
			hasScannedForEncodings = 0;
			knownRegions = (
				en,
				Base,
			);
			mainGroup = 2D071E262282D60F008F366D;
			productRefGroup = 2D071E302282D60F008F366D /* Products */;
			projectDirPath = "";
			projectRoot = "";
			targets = (
				2D071E2E2282D60F008F366D /* HZCrashTerminator */,
				2D071E462282D610008F366D /* HZCrashTerminatorTests */,
				2D071E512282D610008F366D /* HZCrashTerminatorUITests */,
			);
		};
/* End PBXProject section */

/* Begin PBXResourcesBuildPhase section */
		2D071E2D2282D60F008F366D /* Resources */ = {
			isa = PBXResourcesBuildPhase;
			buildActionMask = 2147483647;
			files = (
				2D071E3F2282D610008F366D /* LaunchScreen.storyboard in Resources */,
				2D071E3C2282D610008F366D /* Assets.xcassets in Resources */,
				2D071E3A2282D60F008F366D /* Main.storyboard in Resources */,
			);
			runOnlyForDeploymentPostprocessing = 0;
		};
		2D071E452282D610008F366D /* Resources */ = {
			isa = PBXResourcesBuildPhase;
			buildActionMask = 2147483647;
			files = (
			);
			runOnlyForDeploymentPostprocessing = 0;
		};
		2D071E502282D610008F366D /* Resources */ = {
			isa = PBXResourcesBuildPhase;
			buildActionMask = 2147483647;
			files = (
			);
			runOnlyForDeploymentPostprocessing = 0;
		};
/* End PBXResourcesBuildPhase section */

/* Begin PBXSourcesBuildPhase section */
		2D071E2B2282D60F008F366D /* Sources */ = {
			isa = PBXSourcesBuildPhase;
			buildActionMask = 2147483647;
			files = (
				2D071E372282D60F008F366D /* ViewController.m in Sources */,
				2D071E422282D610008F366D /* main.m in Sources */,
				2D071E662282D6DD008F366D /* NSObject+CrashTerminator.m in Sources */,
				2D071E342282D60F008F366D /* AppDelegate.m in Sources */,
			);
			runOnlyForDeploymentPostprocessing = 0;
		};
		2D071E432282D610008F366D /* Sources */ = {
			isa = PBXSourcesBuildPhase;
			buildActionMask = 2147483647;
			files = (
				2D071E4C2282D610008F366D /* HZCrashTerminatorTests.m in Sources */,
			);
			runOnlyForDeploymentPostprocessing = 0;
		};
		2D071E4E2282D610008F366D /* Sources */ = {
			isa = PBXSourcesBuildPhase;
			buildActionMask = 2147483647;
			files = (
				2D071E572282D610008F366D /* HZCrashTerminatorUITests.m in Sources */,
			);
			runOnlyForDeploymentPostprocessing = 0;
		};
/* End PBXSourcesBuildPhase section */

/* Begin PBXTargetDependency section */
		2D071E492282D610008F366D /* PBXTargetDependency */ = {
			isa = PBXTargetDependency;
			target = 2D071E2E2282D60F008F366D /* HZCrashTerminator */;
			targetProxy = 2D071E482282D610008F366D /* PBXContainerItemProxy */;
		};
		2D071E542282D610008F366D /* PBXTargetDependency */ = {
			isa = PBXTargetDependency;
			target = 2D071E2E2282D60F008F366D /* HZCrashTerminator */;
			targetProxy = 2D071E532282D610008F366D /* PBXContainerItemProxy */;
		};
/* End PBXTargetDependency section */

/* Begin PBXVariantGroup section */
		2D071E382282D60F008F366D /* Main.storyboard */ = {
			isa = PBXVariantGroup;
			children = (
				2D071E392282D60F008F366D /* Base */,
			);
			name = Main.storyboard;
			sourceTree = "<group>";
		};
		2D071E3D2282D610008F366D /* LaunchScreen.storyboard */ = {
			isa = PBXVariantGroup;
			children = (
				2D071E3E2282D610008F366D /* Base */,
			);
			name = LaunchScreen.storyboard;
			sourceTree = "<group>";
		};
/* End PBXVariantGroup section */

/* Begin XCBuildConfiguration section */
		2D071E592282D610008F366D /* Debug */ = {
			isa = XCBuildConfiguration;
			buildSettings = {
				ALWAYS_SEARCH_USER_PATHS = NO;
				CLANG_ANALYZER_NONNULL = YES;
				CLANG_ANALYZER_NUMBER_OBJECT_CONVERSION = YES_AGGRESSIVE;
				CLANG_CXX_LANGUAGE_STANDARD = "gnu++14";
				CLANG_CXX_LIBRARY = "libc++";
				CLANG_ENABLE_MODULES = YES;
				CLANG_ENABLE_OBJC_ARC = YES;
				CLANG_ENABLE_OBJC_WEAK = YES;
				CLANG_WARN_BLOCK_CAPTURE_AUTORELEASING = YES;
				CLANG_WARN_BOOL_CONVERSION = YES;
				CLANG_WARN_COMMA = YES;
				CLANG_WARN_CONSTANT_CONVERSION = YES;
				CLANG_WARN_DEPRECATED_OBJC_IMPLEMENTATIONS = YES;
				CLANG_WARN_DIRECT_OBJC_ISA_USAGE = YES_ERROR;
				CLANG_WARN_DOCUMENTATION_COMMENTS = YES;
				CLANG_WARN_EMPTY_BODY = YES;
				CLANG_WARN_ENUM_CONVERSION = YES;
				CLANG_WARN_INFINITE_RECURSION = YES;
				CLANG_WARN_INT_CONVERSION = YES;
				CLANG_WARN_NON_LITERAL_NULL_CONVERSION = YES;
				CLANG_WARN_OBJC_IMPLICIT_RETAIN_SELF = YES;
				CLANG_WARN_OBJC_LITERAL_CONVERSION = YES;
				CLANG_WARN_OBJC_ROOT_CLASS = YES_ERROR;
				CLANG_WARN_RANGE_LOOP_ANALYSIS = YES;
				CLANG_WARN_STRICT_PROTOTYPES = YES;
				CLANG_WARN_SUSPICIOUS_MOVE = YES;
				CLANG_WARN_UNGUARDED_AVAILABILITY = YES_AGGRESSIVE;
				CLANG_WARN_UNREACHABLE_CODE = YES;
				CLANG_WARN__DUPLICATE_METHOD_MATCH = YES;
				CODE_SIGN_IDENTITY = "iPhone Developer";
				COPY_PHASE_STRIP = NO;
				DEBUG_INFORMATION_FORMAT = dwarf;
				ENABLE_STRICT_OBJC_MSGSEND = YES;
				ENABLE_TESTABILITY = YES;
				GCC_C_LANGUAGE_STANDARD = gnu11;
				GCC_DYNAMIC_NO_PIC = NO;
				GCC_NO_COMMON_BLOCKS = YES;
				GCC_OPTIMIZATION_LEVEL = 0;
				GCC_PREPROCESSOR_DEFINITIONS = (
					"DEBUG=1",
					"$(inherited)",
				);
				GCC_WARN_64_TO_32_BIT_CONVERSION = YES;
				GCC_WARN_ABOUT_RETURN_TYPE = YES_ERROR;
				GCC_WARN_UNDECLARED_SELECTOR = YES;
				GCC_WARN_UNINITIALIZED_AUTOS = YES_AGGRESSIVE;
				GCC_WARN_UNUSED_FUNCTION = YES;
				GCC_WARN_UNUSED_VARIABLE = YES;
				IPHONEOS_DEPLOYMENT_TARGET = 12.2;
				MTL_ENABLE_DEBUG_INFO = INCLUDE_SOURCE;
				MTL_FAST_MATH = YES;
				ONLY_ACTIVE_ARCH = YES;
				SDKROOT = iphoneos;
			};
			name = Debug;
		};
		2D071E5A2282D610008F366D /* Release */ = {
			isa = XCBuildConfiguration;
			buildSettings = {
				ALWAYS_SEARCH_USER_PATHS = NO;
				CLANG_ANALYZER_NONNULL = YES;
				CLANG_ANALYZER_NUMBER_OBJECT_CONVERSION = YES_AGGRESSIVE;
				CLANG_CXX_LANGUAGE_STANDARD = "gnu++14";
				CLANG_CXX_LIBRARY = "libc++";
				CLANG_ENABLE_MODULES = YES;
				CLANG_ENABLE_OBJC_ARC = YES;
				CLANG_ENABLE_OBJC_WEAK = YES;
				CLANG_WARN_BLOCK_CAPTURE_AUTORELEASING = YES;
				CLANG_WARN_BOOL_CONVERSION = YES;
				CLANG_WARN_COMMA = YES;
				CLANG_WARN_CONSTANT_CONVERSION = YES;
				CLANG_WARN_DEPRECATED_OBJC_IMPLEMENTATIONS = YES;
				CLANG_WARN_DIRECT_OBJC_ISA_USAGE = YES_ERROR;
				CLANG_WARN_DOCUMENTATION_COMMENTS = YES;
				CLANG_WARN_EMPTY_BODY = YES;
				CLANG_WARN_ENUM_CONVERSION = YES;
				CLANG_WARN_INFINITE_RECURSION = YES;
				CLANG_WARN_INT_CONVERSION = YES;
				CLANG_WARN_NON_LITERAL_NULL_CONVERSION = YES;
				CLANG_WARN_OBJC_IMPLICIT_RETAIN_SELF = YES;
				CLANG_WARN_OBJC_LITERAL_CONVERSION = YES;
				CLANG_WARN_OBJC_ROOT_CLASS = YES_ERROR;
				CLANG_WARN_RANGE_LOOP_ANALYSIS = YES;
				CLANG_WARN_STRICT_PROTOTYPES = YES;
				CLANG_WARN_SUSPICIOUS_MOVE = YES;
				CLANG_WARN_UNGUARDED_AVAILABILITY = YES_AGGRESSIVE;
				CLANG_WARN_UNREACHABLE_CODE = YES;
				CLANG_WARN__DUPLICATE_METHOD_MATCH = YES;
				CODE_SIGN_IDENTITY = "iPhone Developer";
				COPY_PHASE_STRIP = NO;
				DEBUG_INFORMATION_FORMAT = "dwarf-with-dsym";
				ENABLE_NS_ASSERTIONS = NO;
				ENABLE_STRICT_OBJC_MSGSEND = YES;
				GCC_C_LANGUAGE_STANDARD = gnu11;
				GCC_NO_COMMON_BLOCKS = YES;
				GCC_WARN_64_TO_32_BIT_CONVERSION = YES;
				GCC_WARN_ABOUT_RETURN_TYPE = YES_ERROR;
				GCC_WARN_UNDECLARED_SELECTOR = YES;
				GCC_WARN_UNINITIALIZED_AUTOS = YES_AGGRESSIVE;
				GCC_WARN_UNUSED_FUNCTION = YES;
				GCC_WARN_UNUSED_VARIABLE = YES;
				IPHONEOS_DEPLOYMENT_TARGET = 12.2;
				MTL_ENABLE_DEBUG_INFO = NO;
				MTL_FAST_MATH = YES;
				SDKROOT = iphoneos;
				VALIDATE_PRODUCT = YES;
			};
			name = Release;
		};
		2D071E5C2282D610008F366D /* Debug */ = {
			isa = XCBuildConfiguration;
			buildSettings = {
				ASSETCATALOG_COMPILER_APPICON_NAME = AppIcon;
				CODE_SIGN_STYLE = Automatic;
				DEVELOPMENT_TEAM = 368N8MLT2Q;
				INFOPLIST_FILE = HZCrashTerminator/Info.plist;
				IPHONEOS_DEPLOYMENT_TARGET = 10.1;
				LD_RUNPATH_SEARCH_PATHS = (
					"$(inherited)",
					"@executable_path/Frameworks",
				);
				PRODUCT_BUNDLE_IDENTIFIER = com.hz.HZCrashTerminator;
				PRODUCT_NAME = "$(TARGET_NAME)";
				TARGETED_DEVICE_FAMILY = 1;
			};
			name = Debug;
		};
		2D071E5D2282D610008F366D /* Release */ = {
			isa = XCBuildConfiguration;
			buildSettings = {
				ASSETCATALOG_COMPILER_APPICON_NAME = AppIcon;
				CODE_SIGN_STYLE = Automatic;
				DEVELOPMENT_TEAM = 368N8MLT2Q;
				INFOPLIST_FILE = HZCrashTerminator/Info.plist;
				IPHONEOS_DEPLOYMENT_TARGET = 10.1;
				LD_RUNPATH_SEARCH_PATHS = (
					"$(inherited)",
					"@executable_path/Frameworks",
				);
				PRODUCT_BUNDLE_IDENTIFIER = com.hz.HZCrashTerminator;
				PRODUCT_NAME = "$(TARGET_NAME)";
				TARGETED_DEVICE_FAMILY = 1;
			};
			name = Release;
		};
		2D071E5F2282D610008F366D /* Debug */ = {
			isa = XCBuildConfiguration;
			buildSettings = {
				BUNDLE_LOADER = "$(TEST_HOST)";
				CODE_SIGN_STYLE = Automatic;
				INFOPLIST_FILE = HZCrashTerminatorTests/Info.plist;
				LD_RUNPATH_SEARCH_PATHS = (
					"$(inherited)",
					"@executable_path/Frameworks",
					"@loader_path/Frameworks",
				);
				PRODUCT_BUNDLE_IDENTIFIER = com.hz.HZCrashTerminatorTests;
				PRODUCT_NAME = "$(TARGET_NAME)";
				TARGETED_DEVICE_FAMILY = "1,2";
				TEST_HOST = "$(BUILT_PRODUCTS_DIR)/HZCrashTerminator.app/HZCrashTerminator";
			};
			name = Debug;
		};
		2D071E602282D610008F366D /* Release */ = {
			isa = XCBuildConfiguration;
			buildSettings = {
				BUNDLE_LOADER = "$(TEST_HOST)";
				CODE_SIGN_STYLE = Automatic;
				INFOPLIST_FILE = HZCrashTerminatorTests/Info.plist;
				LD_RUNPATH_SEARCH_PATHS = (
					"$(inherited)",
					"@executable_path/Frameworks",
					"@loader_path/Frameworks",
				);
				PRODUCT_BUNDLE_IDENTIFIER = com.hz.HZCrashTerminatorTests;
				PRODUCT_NAME = "$(TARGET_NAME)";
				TARGETED_DEVICE_FAMILY = "1,2";
				TEST_HOST = "$(BUILT_PRODUCTS_DIR)/HZCrashTerminator.app/HZCrashTerminator";
			};
			name = Release;
		};
		2D071E622282D610008F366D /* Debug */ = {
			isa = XCBuildConfiguration;
			buildSettings = {
				CODE_SIGN_STYLE = Automatic;
				INFOPLIST_FILE = HZCrashTerminatorUITests/Info.plist;
				LD_RUNPATH_SEARCH_PATHS = (
					"$(inherited)",
					"@executable_path/Frameworks",
					"@loader_path/Frameworks",
				);
				PRODUCT_BUNDLE_IDENTIFIER = com.hz.HZCrashTerminatorUITests;
				PRODUCT_NAME = "$(TARGET_NAME)";
				TARGETED_DEVICE_FAMILY = "1,2";
				TEST_TARGET_NAME = HZCrashTerminator;
			};
			name = Debug;
		};
		2D071E632282D610008F366D /* Release */ = {
			isa = XCBuildConfiguration;
			buildSettings = {
				CODE_SIGN_STYLE = Automatic;
				INFOPLIST_FILE = HZCrashTerminatorUITests/Info.plist;
				LD_RUNPATH_SEARCH_PATHS = (
					"$(inherited)",
					"@executable_path/Frameworks",
					"@loader_path/Frameworks",
				);
				PRODUCT_BUNDLE_IDENTIFIER = com.hz.HZCrashTerminatorUITests;
				PRODUCT_NAME = "$(TARGET_NAME)";
				TARGETED_DEVICE_FAMILY = "1,2";
				TEST_TARGET_NAME = HZCrashTerminator;
			};
			name = Release;
		};
/* End XCBuildConfiguration section */

/* Begin XCConfigurationList section */
		2D071E2A2282D60F008F366D /* Build configuration list for PBXProject "HZCrashTerminator" */ = {
			isa = XCConfigurationList;
			buildConfigurations = (
				2D071E592282D610008F366D /* Debug */,
				2D071E5A2282D610008F366D /* Release */,
			);
			defaultConfigurationIsVisible = 0;
			defaultConfigurationName = Release;
		};
		2D071E5B2282D610008F366D /* Build configuration list for PBXNativeTarget "HZCrashTerminator" */ = {
			isa = XCConfigurationList;
			buildConfigurations = (
				2D071E5C2282D610008F366D /* Debug */,
				2D071E5D2282D610008F366D /* Release */,
			);
			defaultConfigurationIsVisible = 0;
			defaultConfigurationName = Release;
		};
		2D071E5E2282D610008F366D /* Build configuration list for PBXNativeTarget "HZCrashTerminatorTests" */ = {
			isa = XCConfigurationList;
			buildConfigurations = (
				2D071E5F2282D610008F366D /* Debug */,
				2D071E602282D610008F366D /* Release */,
			);
			defaultConfigurationIsVisible = 0;
			defaultConfigurationName = Release;
		};
		2D071E612282D610008F366D /* Build configuration list for PBXNativeTarget "HZCrashTerminatorUITests" */ = {
			isa = XCConfigurationList;
			buildConfigurations = (
				2D071E622282D610008F366D /* Debug */,
				2D071E632282D610008F366D /* Release */,
			);
			defaultConfigurationIsVisible = 0;
			defaultConfigurationName = Release;
		};
/* End XCConfigurationList section */
	};
	rootObject = 2D071E272282D60F008F366D /* Project object */;
}
